
Microsoft Visual Studio Solution File, Format Version 11.00
# Visual C++ Express 2010
Project("{8BC9CEB8-8B4A-11D0-8D11-00A0C91BC942}") = "Core", "Core\Core.vcxproj", "{2C202A46-D978-4647-B256-8EF2B89D7A40}"
EndProject
Project("{8BC9CEB8-8B4A-11D0-8D11-00A0C91BC942}") = "Launch", "Launch\Launch.vcxproj", "{DC4A10AB-9CC2-4471-AE3F-62BFF5C23C1F}"
	ProjectSection(ProjectDependencies) = postProject
		{2C202A46-D978-4647-B256-8EF2B89D7A40} = {2C202A46-D978-4647-B256-8EF2B89D7A40}
	EndProjectSection
EndProject
Global
	GlobalSection(SolutionConfigurationPlatforms) = preSolution
		Debug|Win32 = Debug|Win32
		Release|Win32 = Release|Win32
	EndGlobalSection
	GlobalSection(ProjectConfigurationPlatforms) = postSolution
		{2C202A46-D978-4647-B256-8EF2B89D7A40}.Debug|Win32.ActiveCfg = Debug|Win32
		{2C202A46-D978-4647-B256-8EF2B89D7A40}.Debug|Win32.Build.0 = Debug|Win32
		{2C202A46-D978-4647-B256-8EF2B89D7A40}.Release|Win32.ActiveCfg = Release|Win32
		{2C202A46-D978-4647-B256-8EF2B89D7A40}.Release|Win32.Build.0 = Release|Win32
		{DC4A10AB-9CC2-4471-AE3F-62BFF5C23C1F}.Debug|Win32.ActiveCfg = Debug|Win32
		{DC4A10AB-9CC2-4471-AE3F-62BFF5C23C1F}.Debug|Win32.Build.0 = Debug|Win32
		{DC4A10AB-9CC2-4471-AE3F-62BFF5C23C1F}.Release|Win32.ActiveCfg = Release|Win32
		{DC4A10AB-9CC2-4471-AE3F-62BFF5C23C1F}.Release|Win32.Build.0 = Release|Win32
	EndGlobalSection
	GlobalSection(SolutionProperties) = preSolution
		HideSolutionNode = FALSE
	EndGlobalSection
EndGlobal
