<?xml version="1.0" encoding="utf-8"?>
<Project ToolsVersion="4.0" xmlns="http://schemas.microsoft.com/developer/msbuild/2003">
  <ItemGroup>
    <Filter Include="Source Files">
      <UniqueIdentifier>{4FC737F1-C7A5-4376-A066-2A32D752A2FF}</UniqueIdentifier>
      <Extensions>cpp;c;cc;cxx;def;odl;idl;hpj;bat;asm;asmx</Extensions>
    </Filter>
    <Filter Include="Header Files">
      <UniqueIdentifier>{93995380-89BD-4b04-88EB-625FBE52EBFB}</UniqueIdentifier>
      <Extensions>h;hpp;hxx;hm;inl;inc;xsd</Extensions>
    </Filter>
    <Filter Include="Resource Files">
      <UniqueIdentifier>{67DA6AB6-F800-4c08-8B7A-83BB121AAD01}</UniqueIdentifier>
      <Extensions>rc;ico;cur;bmp;dlg;rc2;rct;bin;rgs;gif;jpg;jpeg;jpe;resx;tiff;tif;png;wav;mfcribbon-ms</Extensions>
    </Filter>
  </ItemGroup>
  <ItemGroup>
    <ClInclude Include="Inc\Core.h">
      <Filter>Header Files</Filter>
    </ClInclude>
    <ClInclude Include="Inc\CoreClasses.h">
      <Filter>Header Files</Filter>
    </ClInclude>
    <ClInclude Include="Inc\dep.h">
      <Filter>Header Files</Filter>
    </ClInclude>
    <ClInclude Include="Inc\fcaseopen.h">
      <Filter>Header Files</Filter>
    </ClInclude>
    <ClInclude Include="Inc\FCodec.h">
      <Filter>Header Files</Filter>
    </ClInclude>
    <ClInclude Include="Inc\FConfigCacheIni.h">
      <Filter>Header Files</Filter>
    </ClInclude>
    <ClInclude Include="Inc\FFeedbackContextAnsi.h">
      <Filter>Header Files</Filter>
    </ClInclude>
    <ClInclude Include="Inc\FFeedbackContextWindows.h">
      <Filter>Header Files</Filter>
    </ClInclude>
    <ClInclude Include="Inc\FFileManagerAnsi.h">
      <Filter>Header Files</Filter>
    </ClInclude>
    <ClInclude Include="Inc\FFileManagerArc.h">
      <Filter>Header Files</Filter>
    </ClInclude>
    <ClInclude Include="Inc\FFileManagerGeneric.h">
      <Filter>Header Files</Filter>
    </ClInclude>
    <ClInclude Include="Inc\FFileManagerLinux.h">
      <Filter>Header Files</Filter>
    </ClInclude>
    <ClInclude Include="Inc\FFileManagerPSX2.h">
      <Filter>Header Files</Filter>
    </ClInclude>
    <ClInclude Include="Inc\FFileManagerPSX2CD.h">
      <Filter>Header Files</Filter>
    </ClInclude>
    <ClInclude Include="Inc\FFileManagerWindows.h">
      <Filter>Header Files</Filter>
    </ClInclude>
    <ClInclude Include="Inc\FMallocAnsi.h">
      <Filter>Header Files</Filter>
    </ClInclude>
    <ClInclude Include="Inc\FMallocDebug.h">
      <Filter>Header Files</Filter>
    </ClInclude>
    <ClInclude Include="Inc\FMallocWindows.h">
      <Filter>Header Files</Filter>
    </ClInclude>
    <ClInclude Include="Inc\FNameDebug.h">
      <Filter>Header Files</Filter>
    </ClInclude>
    <ClInclude Include="Inc\FOutputDeviceAnsiError.h">
      <Filter>Header Files</Filter>
    </ClInclude>
    <ClInclude Include="Inc\FOutputDeviceFile.h">
      <Filter>Header Files</Filter>
    </ClInclude>
    <ClInclude Include="Inc\FOutputDeviceNull.h">
      <Filter>Header Files</Filter>
    </ClInclude>
    <ClInclude Include="Inc\FOutputDeviceStdout.h">
      <Filter>Header Files</Filter>
    </ClInclude>
    <ClInclude Include="Inc\FOutputDeviceWindowsError.h">
      <Filter>Header Files</Filter>
    </ClInclude>
    <ClInclude Include="Inc\FRiffChunk.h">
      <Filter>Header Files</Filter>
    </ClInclude>
    <ClInclude Include="Inc\OSXGetMacAddress.h">
      <Filter>Header Files</Filter>
    </ClInclude>
    <ClInclude Include="Inc\Sha.h">
      <Filter>Header Files</Filter>
    </ClInclude>
    <ClInclude Include="Inc\UExporter.h">
      <Filter>Header Files</Filter>
    </ClInclude>
    <ClInclude Include="Inc\UFactory.h">
      <Filter>Header Files</Filter>
    </ClInclude>
    <ClInclude Include="Inc\UnArc.h">
      <Filter>Header Files</Filter>
    </ClInclude>
    <ClInclude Include="Inc\UnBits.h">
      <Filter>Header Files</Filter>
    </ClInclude>
    <ClInclude Include="Inc\UnBuild.h">
      <Filter>Header Files</Filter>
    </ClInclude>
    <ClInclude Include="Inc\UnCache.h">
      <Filter>Header Files</Filter>
    </ClInclude>
    <ClInclude Include="Inc\UnCId.h">
      <Filter>Header Files</Filter>
    </ClInclude>
    <ClInclude Include="Inc\UnClass.h">
      <Filter>Header Files</Filter>
    </ClInclude>
    <ClInclude Include="Inc\UnCoreNative.h">
      <Filter>Header Files</Filter>
    </ClInclude>
    <ClInclude Include="Inc\UnCoreNet.h">
      <Filter>Header Files</Filter>
    </ClInclude>
    <ClInclude Include="Inc\UnCorObj.h">
      <Filter>Header Files</Filter>
    </ClInclude>
    <ClInclude Include="Inc\UnFile.h">
      <Filter>Header Files</Filter>
    </ClInclude>
    <ClInclude Include="Inc\UnFileCache.h">
      <Filter>Header Files</Filter>
    </ClInclude>
    <ClInclude Include="Inc\UnGnuG.h">
      <Filter>Header Files</Filter>
    </ClInclude>
    <ClInclude Include="Inc\UnHook.h">
      <Filter>Header Files</Filter>
    </ClInclude>
    <ClInclude Include="Inc\UnLinker.h">
      <Filter>Header Files</Filter>
    </ClInclude>
    <ClInclude Include="Inc\UnMath.h">
      <Filter>Header Files</Filter>
    </ClInclude>
    <ClInclude Include="Inc\UnMD5.h">
      <Filter>Header Files</Filter>
    </ClInclude>
    <ClInclude Include="Inc\UnMem.h">
      <Filter>Header Files</Filter>
    </ClInclude>
    <ClInclude Include="Inc\UnMsg.h">
      <Filter>Header Files</Filter>
    </ClInclude>
    <ClInclude Include="Inc\UnName.h">
      <Filter>Header Files</Filter>
    </ClInclude>
    <ClInclude Include="Inc\UnNames.h">
      <Filter>Header Files</Filter>
    </ClInclude>
    <ClInclude Include="Inc\UnObjBas.h">
      <Filter>Header Files</Filter>
    </ClInclude>
    <ClInclude Include="Inc\UnObjVer.h">
      <Filter>Header Files</Filter>
    </ClInclude>
    <ClInclude Include="Inc\UnScript.h">
      <Filter>Header Files</Filter>
    </ClInclude>
    <ClInclude Include="Inc\UnStack.h">
      <Filter>Header Files</Filter>
    </ClInclude>
    <ClInclude Include="Inc\UnTemplate.h">
      <Filter>Header Files</Filter>
    </ClInclude>
    <ClInclude Include="Inc\UnType.h">
      <Filter>Header Files</Filter>
    </ClInclude>
    <ClInclude Include="Inc\UnUnix.h">
      <Filter>Header Files</Filter>
    </ClInclude>
    <ClInclude Include="Inc\UnVcWin32.h">
      <Filter>Header Files</Filter>
    </ClInclude>
    <ClInclude Include="Inc\win32_exception.h">
      <Filter>Header Files</Filter>
    </ClInclude>
    <ClInclude Include="Src\CorePrivate.h">
      <Filter>Source Files</Filter>
    </ClInclude>
    <ClInclude Include="Src\debug.h">
      <Filter>Source Files</Filter>
    </ClInclude>
    <ClInclude Include="Inc\EngineClasses.h">
      <Filter>Header Files</Filter>
    </ClInclude>
    <ClInclude Include="Inc\OpCode.h">
      <Filter>Header Files</Filter>
    </ClInclude>
  </ItemGroup>
  <ItemGroup>
    <ClCompile Include="Src\Core.cpp">
      <Filter>Source Files</Filter>
    </ClCompile>
    <ClCompile Include="Src\UExporter.cpp">
      <Filter>Source Files</Filter>
    </ClCompile>
    <ClCompile Include="Src\UFactory.cpp">
      <Filter>Source Files</Filter>
    </ClCompile>
    <ClCompile Include="Src\UnAnsi.cpp">
      <Filter>Source Files</Filter>
    </ClCompile>
    <ClCompile Include="Src\UnBits.cpp">
      <Filter>Source Files</Filter>
    </ClCompile>
    <ClCompile Include="Src\UnCache.cpp">
      <Filter>Source Files</Filter>
    </ClCompile>
    <ClCompile Include="Src\UnClass.cpp">
      <Filter>Source Files</Filter>
    </ClCompile>
    <ClCompile Include="Src\UnCoreNative.cpp">
      <Filter>Source Files</Filter>
    </ClCompile>
    <ClCompile Include="Src\UnCoreNet.cpp">
      <Filter>Source Files</Filter>
    </ClCompile>
    <ClCompile Include="Src\UnCorSc.cpp">
      <Filter>Source Files</Filter>
    </ClCompile>
    <ClCompile Include="Src\UnDebugCPUClock.cpp">
      <Filter>Source Files</Filter>
    </ClCompile>
    <ClCompile Include="Src\UnDebugLog.cpp">
      <Filter>Source Files</Filter>
    </ClCompile>
    <ClCompile Include="Src\UnGarbage.cpp">
      <Filter>Source Files</Filter>
    </ClCompile>
    <ClCompile Include="Src\UnHook.cpp">
      <Filter>Source Files</Filter>
    </ClCompile>
    <ClCompile Include="Src\UnLinker.cpp">
      <Filter>Source Files</Filter>
    </ClCompile>
    <ClCompile Include="Src\UnLocale.cpp">
      <Filter>Source Files</Filter>
    </ClCompile>
    <ClCompile Include="Src\UnMath.cpp">
      <Filter>Source Files</Filter>
    </ClCompile>
    <ClCompile Include="Src\UnMD5.cpp">
      <Filter>Source Files</Filter>
    </ClCompile>
    <ClCompile Include="Src\UnMem.cpp">
      <Filter>Source Files</Filter>
    </ClCompile>
    <ClCompile Include="Src\UnMisc.cpp">
      <Filter>Source Files</Filter>
    </ClCompile>
    <ClCompile Include="Src\UnName.cpp">
      <Filter>Source Files</Filter>
    </ClCompile>
    <ClCompile Include="Src\UnObj.cpp">
      <Filter>Source Files</Filter>
    </ClCompile>
    <ClCompile Include="Src\UnProp.cpp">
      <Filter>Source Files</Filter>
    </ClCompile>
    <ClCompile Include="Src\UnVcWin32.cpp">
      <Filter>Source Files</Filter>
    </ClCompile>
    <ClCompile Include="Src\win32_exception.cpp">
      <Filter>Source Files</Filter>
    </ClCompile>
    <ClCompile Include="Src\EngineClasses.cpp">
      <Filter>Source Files</Filter>
    </ClCompile>
    <ClCompile Include="Src\UnComponent.cpp">
      <Filter>Source Files</Filter>
    </ClCompile>
  </ItemGroup>
</Project>